
Microsoft Visual Studio Solution File, Format Version 12.00
# Visual Studio Version 17
VisualStudioVersion = 17.9.34616.47
MinimumVisualStudioVersion = 10.0.40219.1
Project("{FAE04EC0-301F-11D3-BF4B-00C04F79EFBC}") = "Taskk", "Taskk.csproj", "{240E3E2E-9F2D-4A0B-97F1-1F85F8E40E92}"
EndProject
Global
	GlobalSection(SolutionConfigurationPlatforms) = preSolution
		Debug|Any CPU = Debug|Any CPU
		Release|Any CPU = Release|Any CPU
	EndGlobalSection
	GlobalSection(ProjectConfigurationPlatforms) = postSolution
		{240E3E2E-9F2D-4A0B-97F1-1F85F8E40E92}.Debug|Any CPU.ActiveCfg = Debug|Any CPU
		{240E3E2E-9F2D-4A0B-97F1-1F85F8E40E92}.Debug|Any CPU.Build.0 = Debug|Any CPU
		{240E3E2E-9F2D-4A0B-97F1-1F85F8E40E92}.Release|Any CPU.ActiveCfg = Release|Any CPU
		{240E3E2E-9F2D-4A0B-97F1-1F85F8E40E92}.Release|Any CPU.Build.0 = Release|Any CPU
	EndGlobalSection
	GlobalSection(SolutionProperties) = preSolution
		HideSolutionNode = FALSE
	EndGlobalSection
	GlobalSection(ExtensibilityGlobals) = postSolution
		SolutionGuid = {BD460E15-CDD3-42D2-AF16-C37D0053C849}
	EndGlobalSection
EndGlobal
