
Microsoft Visual Studio Solution File, Format Version 12.00
# Visual Studio Version 17
VisualStudioVersion = 17.9.34616.47
MinimumVisualStudioVersion = 10.0.40219.1
Project("{FAE04EC0-301F-11D3-BF4B-00C04F79EFBC}") = "Task3", "Task3.csproj", "{C8BD7446-1F4B-4267-92A2-01A7FCF4A9D4}"
EndProject
Global
	GlobalSection(SolutionConfigurationPlatforms) = preSolution
		Debug|Any CPU = Debug|Any CPU
		Release|Any CPU = Release|Any CPU
	EndGlobalSection
	GlobalSection(ProjectConfigurationPlatforms) = postSolution
		{C8BD7446-1F4B-4267-92A2-01A7FCF4A9D4}.Debug|Any CPU.ActiveCfg = Debug|Any CPU
		{C8BD7446-1F4B-4267-92A2-01A7FCF4A9D4}.Debug|Any CPU.Build.0 = Debug|Any CPU
		{C8BD7446-1F4B-4267-92A2-01A7FCF4A9D4}.Release|Any CPU.ActiveCfg = Release|Any CPU
		{C8BD7446-1F4B-4267-92A2-01A7FCF4A9D4}.Release|Any CPU.Build.0 = Release|Any CPU
	EndGlobalSection
	GlobalSection(SolutionProperties) = preSolution
		HideSolutionNode = FALSE
	EndGlobalSection
	GlobalSection(ExtensibilityGlobals) = postSolution
		SolutionGuid = {1456B0C5-7E55-4F7D-A168-23949D25C594}
	EndGlobalSection
EndGlobal
