
Microsoft Visual Studio Solution File, Format Version 12.00
# Visual Studio Version 17
VisualStudioVersion = 17.9.34616.47
MinimumVisualStudioVersion = 10.0.40219.1
Project("{FAE04EC0-301F-11D3-BF4B-00C04F79EFBC}") = "Task1", "Task1.csproj", "{C329316C-BB79-4233-AEFE-1B81CE14683C}"
EndProject
Global
	GlobalSection(SolutionConfigurationPlatforms) = preSolution
		Debug|Any CPU = Debug|Any CPU
		Release|Any CPU = Release|Any CPU
	EndGlobalSection
	GlobalSection(ProjectConfigurationPlatforms) = postSolution
		{C329316C-BB79-4233-AEFE-1B81CE14683C}.Debug|Any CPU.ActiveCfg = Debug|Any CPU
		{C329316C-BB79-4233-AEFE-1B81CE14683C}.Debug|Any CPU.Build.0 = Debug|Any CPU
		{C329316C-BB79-4233-AEFE-1B81CE14683C}.Release|Any CPU.ActiveCfg = Release|Any CPU
		{C329316C-BB79-4233-AEFE-1B81CE14683C}.Release|Any CPU.Build.0 = Release|Any CPU
	EndGlobalSection
	GlobalSection(SolutionProperties) = preSolution
		HideSolutionNode = FALSE
	EndGlobalSection
	GlobalSection(ExtensibilityGlobals) = postSolution
		SolutionGuid = {B2826C39-D17E-47D3-B11D-62F241E0BA5C}
	EndGlobalSection
EndGlobal
