
Microsoft Visual Studio Solution File, Format Version 12.00
# Visual Studio Version 17
VisualStudioVersion = 17.9.34616.47
MinimumVisualStudioVersion = 10.0.40219.1
Project("{FAE04EC0-301F-11D3-BF4B-00C04F79EFBC}") = "14.10.24", "14.10.24.csproj", "{ADEDC3DF-F910-4817-A1CA-17325F322954}"
EndProject
Global
	GlobalSection(SolutionConfigurationPlatforms) = preSolution
		Debug|Any CPU = Debug|Any CPU
		Release|Any CPU = Release|Any CPU
	EndGlobalSection
	GlobalSection(ProjectConfigurationPlatforms) = postSolution
		{ADEDC3DF-F910-4817-A1CA-17325F322954}.Debug|Any CPU.ActiveCfg = Debug|Any CPU
		{ADEDC3DF-F910-4817-A1CA-17325F322954}.Debug|Any CPU.Build.0 = Debug|Any CPU
		{ADEDC3DF-F910-4817-A1CA-17325F322954}.Release|Any CPU.ActiveCfg = Release|Any CPU
		{ADEDC3DF-F910-4817-A1CA-17325F322954}.Release|Any CPU.Build.0 = Release|Any CPU
	EndGlobalSection
	GlobalSection(SolutionProperties) = preSolution
		HideSolutionNode = FALSE
	EndGlobalSection
	GlobalSection(ExtensibilityGlobals) = postSolution
		SolutionGuid = {E5AA4E88-19CF-4695-8FAF-3FCB3C9AD187}
	EndGlobalSection
EndGlobal
