
Microsoft Visual Studio Solution File, Format Version 12.00
# Visual Studio Version 17
VisualStudioVersion = 17.9.34616.47
MinimumVisualStudioVersion = 10.0.40219.1
Project("{FAE04EC0-301F-11D3-BF4B-00C04F79EFBC}") = "Rectangle", "Rectangle.csproj", "{C1E99D34-50D5-4D78-8A3E-AAB28DD9637B}"
EndProject
Global
	GlobalSection(SolutionConfigurationPlatforms) = preSolution
		Debug|Any CPU = Debug|Any CPU
		Release|Any CPU = Release|Any CPU
	EndGlobalSection
	GlobalSection(ProjectConfigurationPlatforms) = postSolution
		{C1E99D34-50D5-4D78-8A3E-AAB28DD9637B}.Debug|Any CPU.ActiveCfg = Debug|Any CPU
		{C1E99D34-50D5-4D78-8A3E-AAB28DD9637B}.Debug|Any CPU.Build.0 = Debug|Any CPU
		{C1E99D34-50D5-4D78-8A3E-AAB28DD9637B}.Release|Any CPU.ActiveCfg = Release|Any CPU
		{C1E99D34-50D5-4D78-8A3E-AAB28DD9637B}.Release|Any CPU.Build.0 = Release|Any CPU
	EndGlobalSection
	GlobalSection(SolutionProperties) = preSolution
		HideSolutionNode = FALSE
	EndGlobalSection
	GlobalSection(ExtensibilityGlobals) = postSolution
		SolutionGuid = {FEAB953D-0FA8-407D-B081-A460F7696124}
	EndGlobalSection
EndGlobal
