
Microsoft Visual Studio Solution File, Format Version 12.00
# Visual Studio Version 17
VisualStudioVersion = 17.9.34616.47
MinimumVisualStudioVersion = 10.0.40219.1
Project("{FAE04EC0-301F-11D3-BF4B-00C04F79EFBC}") = "Loops", "Loops.csproj", "{1072BFE2-5E6F-4C3D-849C-73DA0657A050}"
EndProject
Global
	GlobalSection(SolutionConfigurationPlatforms) = preSolution
		Debug|Any CPU = Debug|Any CPU
		Release|Any CPU = Release|Any CPU
	EndGlobalSection
	GlobalSection(ProjectConfigurationPlatforms) = postSolution
		{1072BFE2-5E6F-4C3D-849C-73DA0657A050}.Debug|Any CPU.ActiveCfg = Debug|Any CPU
		{1072BFE2-5E6F-4C3D-849C-73DA0657A050}.Debug|Any CPU.Build.0 = Debug|Any CPU
		{1072BFE2-5E6F-4C3D-849C-73DA0657A050}.Release|Any CPU.ActiveCfg = Release|Any CPU
		{1072BFE2-5E6F-4C3D-849C-73DA0657A050}.Release|Any CPU.Build.0 = Release|Any CPU
	EndGlobalSection
	GlobalSection(SolutionProperties) = preSolution
		HideSolutionNode = FALSE
	EndGlobalSection
	GlobalSection(ExtensibilityGlobals) = postSolution
		SolutionGuid = {83893616-8B46-4BD9-B481-668167980562}
	EndGlobalSection
EndGlobal
