
Microsoft Visual Studio Solution File, Format Version 12.00
# Visual Studio Version 17
VisualStudioVersion = 17.11.35327.3
MinimumVisualStudioVersion = 10.0.40219.1
Project("{FAE04EC0-301F-11D3-BF4B-00C04F79EFBC}") = "TicketApp", "TicketApp.csproj", "{95C40F70-F94E-4248-805F-BAC1CD5D7160}"
EndProject
Global
	GlobalSection(SolutionConfigurationPlatforms) = preSolution
		Debug|Any CPU = Debug|Any CPU
		Release|Any CPU = Release|Any CPU
	EndGlobalSection
	GlobalSection(ProjectConfigurationPlatforms) = postSolution
		{95C40F70-F94E-4248-805F-BAC1CD5D7160}.Debug|Any CPU.ActiveCfg = Debug|Any CPU
		{95C40F70-F94E-4248-805F-BAC1CD5D7160}.Debug|Any CPU.Build.0 = Debug|Any CPU
		{95C40F70-F94E-4248-805F-BAC1CD5D7160}.Release|Any CPU.ActiveCfg = Release|Any CPU
		{95C40F70-F94E-4248-805F-BAC1CD5D7160}.Release|Any CPU.Build.0 = Release|Any CPU
	EndGlobalSection
	GlobalSection(SolutionProperties) = preSolution
		HideSolutionNode = FALSE
	EndGlobalSection
	GlobalSection(ExtensibilityGlobals) = postSolution
		SolutionGuid = {7E3DBE4C-FD3A-497E-B25D-432E268660CF}
	EndGlobalSection
EndGlobal
