
Microsoft Visual Studio Solution File, Format Version 12.00
# Visual Studio Version 17
VisualStudioVersion = 17.9.34616.47
MinimumVisualStudioVersion = 10.0.40219.1
Project("{FAE04EC0-301F-11D3-BF4B-00C04F79EFBC}") = "Task1", "Task1.csproj", "{029AAA85-9EAB-4534-95DD-881196063D1A}"
EndProject
Global
	GlobalSection(SolutionConfigurationPlatforms) = preSolution
		Debug|Any CPU = Debug|Any CPU
		Release|Any CPU = Release|Any CPU
	EndGlobalSection
	GlobalSection(ProjectConfigurationPlatforms) = postSolution
		{029AAA85-9EAB-4534-95DD-881196063D1A}.Debug|Any CPU.ActiveCfg = Debug|Any CPU
		{029AAA85-9EAB-4534-95DD-881196063D1A}.Debug|Any CPU.Build.0 = Debug|Any CPU
		{029AAA85-9EAB-4534-95DD-881196063D1A}.Release|Any CPU.ActiveCfg = Release|Any CPU
		{029AAA85-9EAB-4534-95DD-881196063D1A}.Release|Any CPU.Build.0 = Release|Any CPU
	EndGlobalSection
	GlobalSection(SolutionProperties) = preSolution
		HideSolutionNode = FALSE
	EndGlobalSection
	GlobalSection(ExtensibilityGlobals) = postSolution
		SolutionGuid = {33881262-87AB-415E-9EBA-48CB9DBA566F}
	EndGlobalSection
EndGlobal
