
Microsoft Visual Studio Solution File, Format Version 12.00
# Visual Studio Version 17
VisualStudioVersion = 17.9.34616.47
MinimumVisualStudioVersion = 10.0.40219.1
Project("{FAE04EC0-301F-11D3-BF4B-00C04F79EFBC}") = "Task2", "Task2.csproj", "{3D171AB5-068D-4501-BDDA-E8EC9670E558}"
EndProject
Global
	GlobalSection(SolutionConfigurationPlatforms) = preSolution
		Debug|Any CPU = Debug|Any CPU
		Release|Any CPU = Release|Any CPU
	EndGlobalSection
	GlobalSection(ProjectConfigurationPlatforms) = postSolution
		{3D171AB5-068D-4501-BDDA-E8EC9670E558}.Debug|Any CPU.ActiveCfg = Debug|Any CPU
		{3D171AB5-068D-4501-BDDA-E8EC9670E558}.Debug|Any CPU.Build.0 = Debug|Any CPU
		{3D171AB5-068D-4501-BDDA-E8EC9670E558}.Release|Any CPU.ActiveCfg = Release|Any CPU
		{3D171AB5-068D-4501-BDDA-E8EC9670E558}.Release|Any CPU.Build.0 = Release|Any CPU
	EndGlobalSection
	GlobalSection(SolutionProperties) = preSolution
		HideSolutionNode = FALSE
	EndGlobalSection
	GlobalSection(ExtensibilityGlobals) = postSolution
		SolutionGuid = {FCAA7C87-8191-4374-95D8-55C0ED6FA74B}
	EndGlobalSection
EndGlobal
