
Microsoft Visual Studio Solution File, Format Version 12.00
# Visual Studio Version 17
VisualStudioVersion = 17.9.34616.47
MinimumVisualStudioVersion = 10.0.40219.1
Project("{FAE04EC0-301F-11D3-BF4B-00C04F79EFBC}") = "StaticAndBuliders", "StaticAndBuliders.csproj", "{45D65BC6-386D-4792-839D-4EBFB59B5E06}"
EndProject
Global
	GlobalSection(SolutionConfigurationPlatforms) = preSolution
		Debug|Any CPU = Debug|Any CPU
		Release|Any CPU = Release|Any CPU
	EndGlobalSection
	GlobalSection(ProjectConfigurationPlatforms) = postSolution
		{45D65BC6-386D-4792-839D-4EBFB59B5E06}.Debug|Any CPU.ActiveCfg = Debug|Any CPU
		{45D65BC6-386D-4792-839D-4EBFB59B5E06}.Debug|Any CPU.Build.0 = Debug|Any CPU
		{45D65BC6-386D-4792-839D-4EBFB59B5E06}.Release|Any CPU.ActiveCfg = Release|Any CPU
		{45D65BC6-386D-4792-839D-4EBFB59B5E06}.Release|Any CPU.Build.0 = Release|Any CPU
	EndGlobalSection
	GlobalSection(SolutionProperties) = preSolution
		HideSolutionNode = FALSE
	EndGlobalSection
	GlobalSection(ExtensibilityGlobals) = postSolution
		SolutionGuid = {78CA7A58-9B3D-4045-B8D5-F751BEAB2143}
	EndGlobalSection
EndGlobal
